
Microsoft Visual Studio Solution File, Format Version 12.00
# Visual Studio Version 17
VisualStudioVersion = 17.0.31903.59
MinimumVisualStudioVersion = 10.0.40219.1
Project("{2150E333-8FDC-42A3-9474-1A3956D46DE8}") = "src", "src", "{827E0CD3-B72D-47B6-A68D-7590B98EB39B}"
EndProject
Project("{2150E333-8FDC-42A3-9474-1A3956D46DE8}") = "SharedKernel", "SharedKernel", "{85F909CB-8F14-ECC8-BA9D-713D1771907F}"
EndProject
Project("{FAE04EC0-301F-11D3-BF4B-00C04F79EFBC}") = "CritterPP.SharedKernel", "src\SharedKernel\CritterPP.SharedKernel\CritterPP.SharedKernel.csproj", "{5809B9B7-DA9A-4835-A720-06FAEA1277AA}"
EndProject
Project("{FAE04EC0-301F-11D3-BF4B-00C04F79EFBC}") = "CritterPP.Infrastructure", "src\Infrastructure\CritterPP.Infrastructure\CritterPP.Infrastructure.csproj", "{E8C942F3-BBD0-487F-B5CB-845CEF911737}"
EndProject
Project("{FAE04EC0-301F-11D3-BF4B-00C04F79EFBC}") = "CritterPP.Web", "src\Web\CritterPP.Web\CritterPP.Web.csproj", "{A58382BB-937F-441A-B2E1-6357250BF8A8}"
EndProject
Project("{FAE04EC0-301F-11D3-BF4B-00C04F79EFBC}") = "CritterPP.SharedKernel.Tests", "tests\SharedKernel.Tests\CritterPP.SharedKernel.Tests\CritterPP.SharedKernel.Tests.csproj", "{7A7A4FEE-4BC7-40BA-BBEB-82593C1764AD}"
EndProject
Project("{FAE04EC0-301F-11D3-BF4B-00C04F79EFBC}") = "CritterPP.Features.Tests", "tests\Features.Tests\CritterPP.Features.Tests\CritterPP.Features.Tests.csproj", "{7D49D101-73BB-4FB2-826C-FC9024ADA5B1}"
EndProject
Project("{FAE04EC0-301F-11D3-BF4B-00C04F79EFBC}") = "CritterPP.Integration.Tests", "tests\Integration.Tests\CritterPP.Integration.Tests\CritterPP.Integration.Tests.csproj", "{E8BFE31C-33D3-471A-A4DB-6BE56B4E5A14}"
EndProject
Global
	GlobalSection(SolutionConfigurationPlatforms) = preSolution
		Debug|Any CPU = Debug|Any CPU
		Debug|x64 = Debug|x64
		Debug|x86 = Debug|x86
		Release|Any CPU = Release|Any CPU
		Release|x64 = Release|x64
		Release|x86 = Release|x86
	EndGlobalSection
	GlobalSection(ProjectConfigurationPlatforms) = postSolution
		{5809B9B7-DA9A-4835-A720-06FAEA1277AA}.Debug|Any CPU.ActiveCfg = Debug|Any CPU
		{5809B9B7-DA9A-4835-A720-06FAEA1277AA}.Debug|Any CPU.Build.0 = Debug|Any CPU
		{5809B9B7-DA9A-4835-A720-06FAEA1277AA}.Debug|x64.ActiveCfg = Debug|Any CPU
		{5809B9B7-DA9A-4835-A720-06FAEA1277AA}.Debug|x64.Build.0 = Debug|Any CPU
		{5809B9B7-DA9A-4835-A720-06FAEA1277AA}.Debug|x86.ActiveCfg = Debug|Any CPU
		{5809B9B7-DA9A-4835-A720-06FAEA1277AA}.Debug|x86.Build.0 = Debug|Any CPU
		{5809B9B7-DA9A-4835-A720-06FAEA1277AA}.Release|Any CPU.ActiveCfg = Release|Any CPU
		{5809B9B7-DA9A-4835-A720-06FAEA1277AA}.Release|Any CPU.Build.0 = Release|Any CPU
		{5809B9B7-DA9A-4835-A720-06FAEA1277AA}.Release|x64.ActiveCfg = Release|Any CPU
		{5809B9B7-DA9A-4835-A720-06FAEA1277AA}.Release|x64.Build.0 = Release|Any CPU
		{5809B9B7-DA9A-4835-A720-06FAEA1277AA}.Release|x86.ActiveCfg = Release|Any CPU
		{5809B9B7-DA9A-4835-A720-06FAEA1277AA}.Release|x86.Build.0 = Release|Any CPU
		{E8C942F3-BBD0-487F-B5CB-845CEF911737}.Debug|Any CPU.ActiveCfg = Debug|Any CPU
		{E8C942F3-BBD0-487F-B5CB-845CEF911737}.Debug|Any CPU.Build.0 = Debug|Any CPU
		{E8C942F3-BBD0-487F-B5CB-845CEF911737}.Debug|x64.ActiveCfg = Debug|Any CPU
		{E8C942F3-BBD0-487F-B5CB-845CEF911737}.Debug|x64.Build.0 = Debug|Any CPU
		{E8C942F3-BBD0-487F-B5CB-845CEF911737}.Debug|x86.ActiveCfg = Debug|Any CPU
		{E8C942F3-BBD0-487F-B5CB-845CEF911737}.Debug|x86.Build.0 = Debug|Any CPU
		{E8C942F3-BBD0-487F-B5CB-845CEF911737}.Release|Any CPU.ActiveCfg = Release|Any CPU
		{E8C942F3-BBD0-487F-B5CB-845CEF911737}.Release|Any CPU.Build.0 = Release|Any CPU
		{E8C942F3-BBD0-487F-B5CB-845CEF911737}.Release|x64.ActiveCfg = Release|Any CPU
		{E8C942F3-BBD0-487F-B5CB-845CEF911737}.Release|x64.Build.0 = Release|Any CPU
		{E8C942F3-BBD0-487F-B5CB-845CEF911737}.Release|x86.ActiveCfg = Release|Any CPU
		{E8C942F3-BBD0-487F-B5CB-845CEF911737}.Release|x86.Build.0 = Release|Any CPU
		{A58382BB-937F-441A-B2E1-6357250BF8A8}.Debug|Any CPU.ActiveCfg = Debug|Any CPU
		{A58382BB-937F-441A-B2E1-6357250BF8A8}.Debug|Any CPU.Build.0 = Debug|Any CPU
		{A58382BB-937F-441A-B2E1-6357250BF8A8}.Debug|x64.ActiveCfg = Debug|Any CPU
		{A58382BB-937F-441A-B2E1-6357250BF8A8}.Debug|x64.Build.0 = Debug|Any CPU
		{A58382BB-937F-441A-B2E1-6357250BF8A8}.Debug|x86.ActiveCfg = Debug|Any CPU
		{A58382BB-937F-441A-B2E1-6357250BF8A8}.Debug|x86.Build.0 = Debug|Any CPU
		{A58382BB-937F-441A-B2E1-6357250BF8A8}.Release|Any CPU.ActiveCfg = Release|Any CPU
		{A58382BB-937F-441A-B2E1-6357250BF8A8}.Release|Any CPU.Build.0 = Release|Any CPU
		{A58382BB-937F-441A-B2E1-6357250BF8A8}.Release|x64.ActiveCfg = Release|Any CPU
		{A58382BB-937F-441A-B2E1-6357250BF8A8}.Release|x64.Build.0 = Release|Any CPU
		{A58382BB-937F-441A-B2E1-6357250BF8A8}.Release|x86.ActiveCfg = Release|Any CPU
		{A58382BB-937F-441A-B2E1-6357250BF8A8}.Release|x86.Build.0 = Release|Any CPU
		{7A7A4FEE-4BC7-40BA-BBEB-82593C1764AD}.Debug|Any CPU.ActiveCfg = Debug|Any CPU
		{7A7A4FEE-4BC7-40BA-BBEB-82593C1764AD}.Debug|Any CPU.Build.0 = Debug|Any CPU
		{7A7A4FEE-4BC7-40BA-BBEB-82593C1764AD}.Debug|x64.ActiveCfg = Debug|Any CPU
		{7A7A4FEE-4BC7-40BA-BBEB-82593C1764AD}.Debug|x64.Build.0 = Debug|Any CPU
		{7A7A4FEE-4BC7-40BA-BBEB-82593C1764AD}.Debug|x86.ActiveCfg = Debug|Any CPU
		{7A7A4FEE-4BC7-40BA-BBEB-82593C1764AD}.Debug|x86.Build.0 = Debug|Any CPU
		{7A7A4FEE-4BC7-40BA-BBEB-82593C1764AD}.Release|Any CPU.ActiveCfg = Release|Any CPU
		{7A7A4FEE-4BC7-40BA-BBEB-82593C1764AD}.Release|Any CPU.Build.0 = Release|Any CPU
		{7A7A4FEE-4BC7-40BA-BBEB-82593C1764AD}.Release|x64.ActiveCfg = Release|Any CPU
		{7A7A4FEE-4BC7-40BA-BBEB-82593C1764AD}.Release|x64.Build.0 = Release|Any CPU
		{7A7A4FEE-4BC7-40BA-BBEB-82593C1764AD}.Release|x86.ActiveCfg = Release|Any CPU
		{7A7A4FEE-4BC7-40BA-BBEB-82593C1764AD}.Release|x86.Build.0 = Release|Any CPU
		{7D49D101-73BB-4FB2-826C-FC9024ADA5B1}.Debug|Any CPU.ActiveCfg = Debug|Any CPU
		{7D49D101-73BB-4FB2-826C-FC9024ADA5B1}.Debug|Any CPU.Build.0 = Debug|Any CPU
		{7D49D101-73BB-4FB2-826C-FC9024ADA5B1}.Debug|x64.ActiveCfg = Debug|Any CPU
		{7D49D101-73BB-4FB2-826C-FC9024ADA5B1}.Debug|x64.Build.0 = Debug|Any CPU
		{7D49D101-73BB-4FB2-826C-FC9024ADA5B1}.Debug|x86.ActiveCfg = Debug|Any CPU
		{7D49D101-73BB-4FB2-826C-FC9024ADA5B1}.Debug|x86.Build.0 = Debug|Any CPU
		{7D49D101-73BB-4FB2-826C-FC9024ADA5B1}.Release|Any CPU.ActiveCfg = Release|Any CPU
		{7D49D101-73BB-4FB2-826C-FC9024ADA5B1}.Release|Any CPU.Build.0 = Release|Any CPU
		{7D49D101-73BB-4FB2-826C-FC9024ADA5B1}.Release|x64.ActiveCfg = Release|Any CPU
		{7D49D101-73BB-4FB2-826C-FC9024ADA5B1}.Release|x64.Build.0 = Release|Any CPU
		{7D49D101-73BB-4FB2-826C-FC9024ADA5B1}.Release|x86.ActiveCfg = Release|Any CPU
		{7D49D101-73BB-4FB2-826C-FC9024ADA5B1}.Release|x86.Build.0 = Release|Any CPU
		{E8BFE31C-33D3-471A-A4DB-6BE56B4E5A14}.Debug|Any CPU.ActiveCfg = Debug|Any CPU
		{E8BFE31C-33D3-471A-A4DB-6BE56B4E5A14}.Debug|Any CPU.Build.0 = Debug|Any CPU
		{E8BFE31C-33D3-471A-A4DB-6BE56B4E5A14}.Debug|x64.ActiveCfg = Debug|Any CPU
		{E8BFE31C-33D3-471A-A4DB-6BE56B4E5A14}.Debug|x64.Build.0 = Debug|Any CPU
		{E8BFE31C-33D3-471A-A4DB-6BE56B4E5A14}.Debug|x86.ActiveCfg = Debug|Any CPU
		{E8BFE31C-33D3-471A-A4DB-6BE56B4E5A14}.Debug|x86.Build.0 = Debug|Any CPU
		{E8BFE31C-33D3-471A-A4DB-6BE56B4E5A14}.Release|Any CPU.ActiveCfg = Release|Any CPU
		{E8BFE31C-33D3-471A-A4DB-6BE56B4E5A14}.Release|Any CPU.Build.0 = Release|Any CPU
		{E8BFE31C-33D3-471A-A4DB-6BE56B4E5A14}.Release|x64.ActiveCfg = Release|Any CPU
		{E8BFE31C-33D3-471A-A4DB-6BE56B4E5A14}.Release|x64.Build.0 = Release|Any CPU
		{E8BFE31C-33D3-471A-A4DB-6BE56B4E5A14}.Release|x86.ActiveCfg = Release|Any CPU
		{E8BFE31C-33D3-471A-A4DB-6BE56B4E5A14}.Release|x86.Build.0 = Release|Any CPU
	EndGlobalSection
	GlobalSection(SolutionProperties) = preSolution
		HideSolutionNode = FALSE
	EndGlobalSection
	GlobalSection(NestedProjects) = preSolution
		{85F909CB-8F14-ECC8-BA9D-713D1771907F} = {827E0CD3-B72D-47B6-A68D-7590B98EB39B}
		{5809B9B7-DA9A-4835-A720-06FAEA1277AA} = {85F909CB-8F14-ECC8-BA9D-713D1771907F}
		{E8C942F3-BBD0-487F-B5CB-845CEF911737} = {85F909CB-8F14-ECC8-BA9D-713D1771907F}
		{A58382BB-937F-441A-B2E1-6357250BF8A8} = {85F909CB-8F14-ECC8-BA9D-713D1771907F}
		{7A7A4FEE-4BC7-40BA-BBEB-82593C1764AD} = {85F909CB-8F14-ECC8-BA9D-713D1771907F}
		{7D49D101-73BB-4FB2-826C-FC9024ADA5B1} = {85F909CB-8F14-ECC8-BA9D-713D1771907F}
		{E8BFE31C-33D3-471A-A4DB-6BE56B4E5A14} = {85F909CB-8F14-ECC8-BA9D-713D1771907F}
	EndGlobalSection
EndGlobal
